
Microsoft Visual Studio Solution File, Format Version 12.00
# Visual Studio Version 16
VisualStudioVersion = 16.0.29324.140
MinimumVisualStudioVersion = 10.0.40219.1
Project("{8BC9CEB8-8B4A-11D0-8D11-00A0C91BC942}") = "SensingMyselfDevice", "SensingMyselfDevice\SensingMyselfDevice.vcxproj", "{CE7E0595-8EC6-4B74-8216-03075DA17F47}"
	ProjectSection(ProjectDependencies) = postProject
		{332B66F9-46DD-46A8-9CD0-0B6E512577E9} = {332B66F9-46DD-46A8-9CD0-0B6E512577E9}
	EndProjectSection
EndProject
Project("{8BC9CEB8-8B4A-11D0-8D11-00A0C91BC942}") = "HeartRate4", "HeartRate4\HeartRate4.vcxproj", "{332B66F9-46DD-46A8-9CD0-0B6E512577E9}"
EndProject
Global
	GlobalSection(SolutionConfigurationPlatforms) = preSolution
		Debug|ARM = Debug|ARM
		Release|ARM = Release|ARM
	EndGlobalSection
	GlobalSection(ProjectConfigurationPlatforms) = postSolution
		{CE7E0595-8EC6-4B74-8216-03075DA17F47}.Debug|ARM.ActiveCfg = Debug|ARM
		{CE7E0595-8EC6-4B74-8216-03075DA17F47}.Debug|ARM.Build.0 = Debug|ARM
		{CE7E0595-8EC6-4B74-8216-03075DA17F47}.Release|ARM.ActiveCfg = Release|ARM
		{CE7E0595-8EC6-4B74-8216-03075DA17F47}.Release|ARM.Build.0 = Release|ARM
		{332B66F9-46DD-46A8-9CD0-0B6E512577E9}.Debug|ARM.ActiveCfg = Debug|ARM
		{332B66F9-46DD-46A8-9CD0-0B6E512577E9}.Debug|ARM.Build.0 = Debug|ARM
		{332B66F9-46DD-46A8-9CD0-0B6E512577E9}.Release|ARM.ActiveCfg = Release|ARM
		{332B66F9-46DD-46A8-9CD0-0B6E512577E9}.Release|ARM.Build.0 = Release|ARM
	EndGlobalSection
	GlobalSection(SolutionProperties) = preSolution
		HideSolutionNode = FALSE
	EndGlobalSection
	GlobalSection(ExtensibilityGlobals) = postSolution
		SolutionGuid = {20D2EAD2-083D-4157-B40A-0EC6FC888BEF}
	EndGlobalSection
EndGlobal
